
Microsoft Visual Studio Solution File, Format Version 12.00
# Visual Studio Version 16
VisualStudioVersion = 16.0.30011.22
MinimumVisualStudioVersion = 10.0.40219.1
Project("{9A19103F-16F7-4668-BE54-9A1E7A4F7556}") = "GraphClimber", "GraphClimber\GraphClimber.csproj", "{BD78BB49-71BF-4CFA-8DAE-E178623C225D}"
EndProject
Project("{FAE04EC0-301F-11D3-BF4B-00C04F79EFBC}") = "GraphClimber.Tests", "GraphClimber.Tests\GraphClimber.Tests.csproj", "{1CE9D582-AD82-4D61-B6D1-85AFF6288841}"
EndProject
Project("{FAE04EC0-301F-11D3-BF4B-00C04F79EFBC}") = "GraphClimber.ConsoleApp", "GraphClimber.ConsoleApp\GraphClimber.ConsoleApp.csproj", "{5686D351-394B-4D2B-A06D-5A3FF1C5108B}"
EndProject
Global
	GlobalSection(SolutionConfigurationPlatforms) = preSolution
		Debug|Any CPU = Debug|Any CPU
		Release|Any CPU = Release|Any CPU
	EndGlobalSection
	GlobalSection(ProjectConfigurationPlatforms) = postSolution
		{BD78BB49-71BF-4CFA-8DAE-E178623C225D}.Debug|Any CPU.ActiveCfg = Debug|Any CPU
		{BD78BB49-71BF-4CFA-8DAE-E178623C225D}.Debug|Any CPU.Build.0 = Debug|Any CPU
		{BD78BB49-71BF-4CFA-8DAE-E178623C225D}.Release|Any CPU.ActiveCfg = Release|Any CPU
		{BD78BB49-71BF-4CFA-8DAE-E178623C225D}.Release|Any CPU.Build.0 = Release|Any CPU
		{1CE9D582-AD82-4D61-B6D1-85AFF6288841}.Debug|Any CPU.ActiveCfg = Debug|Any CPU
		{1CE9D582-AD82-4D61-B6D1-85AFF6288841}.Debug|Any CPU.Build.0 = Debug|Any CPU
		{1CE9D582-AD82-4D61-B6D1-85AFF6288841}.Release|Any CPU.ActiveCfg = Release|Any CPU
		{1CE9D582-AD82-4D61-B6D1-85AFF6288841}.Release|Any CPU.Build.0 = Release|Any CPU
		{5686D351-394B-4D2B-A06D-5A3FF1C5108B}.Debug|Any CPU.ActiveCfg = Debug|Any CPU
		{5686D351-394B-4D2B-A06D-5A3FF1C5108B}.Debug|Any CPU.Build.0 = Debug|Any CPU
		{5686D351-394B-4D2B-A06D-5A3FF1C5108B}.Release|Any CPU.ActiveCfg = Release|Any CPU
		{5686D351-394B-4D2B-A06D-5A3FF1C5108B}.Release|Any CPU.Build.0 = Release|Any CPU
	EndGlobalSection
	GlobalSection(SolutionProperties) = preSolution
		HideSolutionNode = FALSE
	EndGlobalSection
	GlobalSection(ExtensibilityGlobals) = postSolution
		SolutionGuid = {8D0DC358-E9C0-426C-BD72-7EFD69F49DB5}
	EndGlobalSection
EndGlobal
